
Microsoft Visual Studio Solution File, Format Version 12.00
# Visual Studio Version 16
VisualStudioVersion = 16.0.30523.141
MinimumVisualStudioVersion = 10.0.40219.1
Project("{9A19103F-16F7-4668-BE54-9A1E7A4F7556}") = "UzonePageObject", "UzonePageObject\UzonePageObject.csproj", "{679F293C-4A59-40C9-8731-7C963276BAC9}"
EndProject
Project("{9A19103F-16F7-4668-BE54-9A1E7A4F7556}") = "Test", "Test\Test.csproj", "{5E712125-5F73-4CD7-A7FC-2FF727DD8217}"
EndProject
Project("{FAE04EC0-301F-11D3-BF4B-00C04F79EFBC}") = "ExcelConnect", "ExcelConnection\ExcelConnect.csproj", "{EB8DB3A6-84FE-435E-9148-DE12429C288D}"
EndProject
Global
	GlobalSection(SolutionConfigurationPlatforms) = preSolution
		Debug|Any CPU = Debug|Any CPU
		Release|Any CPU = Release|Any CPU
	EndGlobalSection
	GlobalSection(ProjectConfigurationPlatforms) = postSolution
		{679F293C-4A59-40C9-8731-7C963276BAC9}.Debug|Any CPU.ActiveCfg = Debug|Any CPU
		{679F293C-4A59-40C9-8731-7C963276BAC9}.Debug|Any CPU.Build.0 = Debug|Any CPU
		{679F293C-4A59-40C9-8731-7C963276BAC9}.Release|Any CPU.ActiveCfg = Release|Any CPU
		{679F293C-4A59-40C9-8731-7C963276BAC9}.Release|Any CPU.Build.0 = Release|Any CPU
		{5E712125-5F73-4CD7-A7FC-2FF727DD8217}.Debug|Any CPU.ActiveCfg = Debug|Any CPU
		{5E712125-5F73-4CD7-A7FC-2FF727DD8217}.Debug|Any CPU.Build.0 = Debug|Any CPU
		{5E712125-5F73-4CD7-A7FC-2FF727DD8217}.Release|Any CPU.ActiveCfg = Release|Any CPU
		{5E712125-5F73-4CD7-A7FC-2FF727DD8217}.Release|Any CPU.Build.0 = Release|Any CPU
		{EB8DB3A6-84FE-435E-9148-DE12429C288D}.Debug|Any CPU.ActiveCfg = Debug|Any CPU
		{EB8DB3A6-84FE-435E-9148-DE12429C288D}.Debug|Any CPU.Build.0 = Debug|Any CPU
		{EB8DB3A6-84FE-435E-9148-DE12429C288D}.Release|Any CPU.ActiveCfg = Release|Any CPU
		{EB8DB3A6-84FE-435E-9148-DE12429C288D}.Release|Any CPU.Build.0 = Release|Any CPU
	EndGlobalSection
	GlobalSection(SolutionProperties) = preSolution
		HideSolutionNode = FALSE
	EndGlobalSection
	GlobalSection(ExtensibilityGlobals) = postSolution
		SolutionGuid = {2EFA782C-A7B8-48A3-B3FE-0199F7E26E9D}
	EndGlobalSection
EndGlobal
